
Microsoft Visual Studio Solution File, Format Version 12.00
# Visual Studio 15
VisualStudioVersion = 15.0.27004.2009
MinimumVisualStudioVersion = 10.0.40219.1
Project("{FAE04EC0-301F-11D3-BF4B-00C04F79EFBC}") = "APPEyesFree", "APPEyesFree\APPEyesFree.csproj", "{A1F67E98-08CE-4F36-BC21-96970B936DD7}"
EndProject
Global
	GlobalSection(SolutionConfigurationPlatforms) = preSolution
		Debug|Any CPU = Debug|Any CPU
		Release(x64)|Any CPU = Release(x64)|Any CPU
		Release(x86)|Any CPU = Release(x86)|Any CPU
		Release|Any CPU = Release|Any CPU
	EndGlobalSection
	GlobalSection(ProjectConfigurationPlatforms) = postSolution
		{A1F67E98-08CE-4F36-BC21-96970B936DD7}.Debug|Any CPU.ActiveCfg = Debug|Any CPU
		{A1F67E98-08CE-4F36-BC21-96970B936DD7}.Debug|Any CPU.Build.0 = Debug|Any CPU
		{A1F67E98-08CE-4F36-BC21-96970B936DD7}.Release(x64)|Any CPU.ActiveCfg = Release(x64)|Any CPU
		{A1F67E98-08CE-4F36-BC21-96970B936DD7}.Release(x64)|Any CPU.Build.0 = Release(x64)|Any CPU
		{A1F67E98-08CE-4F36-BC21-96970B936DD7}.Release(x86)|Any CPU.ActiveCfg = Release(x86)|Any CPU
		{A1F67E98-08CE-4F36-BC21-96970B936DD7}.Release(x86)|Any CPU.Build.0 = Release(x86)|Any CPU
		{A1F67E98-08CE-4F36-BC21-96970B936DD7}.Release|Any CPU.ActiveCfg = Release|Any CPU
		{A1F67E98-08CE-4F36-BC21-96970B936DD7}.Release|Any CPU.Build.0 = Release|Any CPU
	EndGlobalSection
	GlobalSection(SolutionProperties) = preSolution
		HideSolutionNode = FALSE
	EndGlobalSection
	GlobalSection(ExtensibilityGlobals) = postSolution
		SolutionGuid = {C3755ADD-EB2B-46CC-9CDB-DE95EF3B96E5}
	EndGlobalSection
EndGlobal
